
Microsoft Visual Studio Solution File, Format Version 12.00
# Visual Studio Version 16
VisualStudioVersion = 16.0.30114.105
MinimumVisualStudioVersion = 10.0.40219.1
Project("{FAE04EC0-301F-11D3-BF4B-00C04F79EFBC}") = "ResumehMaker", "ResumehMaker\ResumehMaker.csproj", "{F8D2B84C-10AD-44CB-A34B-13D377424129}"
EndProject
Global
	GlobalSection(SolutionConfigurationPlatforms) = preSolution
		Debug|Any CPU = Debug|Any CPU
		Release|Any CPU = Release|Any CPU
	EndGlobalSection
	GlobalSection(ProjectConfigurationPlatforms) = postSolution
		{F8D2B84C-10AD-44CB-A34B-13D377424129}.Debug|Any CPU.ActiveCfg = Debug|Any CPU
		{F8D2B84C-10AD-44CB-A34B-13D377424129}.Debug|Any CPU.Build.0 = Debug|Any CPU
		{F8D2B84C-10AD-44CB-A34B-13D377424129}.Release|Any CPU.ActiveCfg = Release|Any CPU
		{F8D2B84C-10AD-44CB-A34B-13D377424129}.Release|Any CPU.Build.0 = Release|Any CPU
	EndGlobalSection
	GlobalSection(SolutionProperties) = preSolution
		HideSolutionNode = FALSE
	EndGlobalSection
	GlobalSection(ExtensibilityGlobals) = postSolution
		SolutionGuid = {41B3AC08-3BCC-48B5-93C8-67E3004FB912}
	EndGlobalSection
EndGlobal
